// !$*UTF8*$!
{
	archiveVersion = 1;
	classes = {
	};
	objectVersion = 50;
	objects = {

/* Begin PBXBuildFile section */
		807303F52503666E0082C789 /* FizzaModal.swift in Sources */ = {isa = PBXBuildFile; fileRef = 807303F42503666E0082C789 /* FizzaModal.swift */; };
		807303F7250366AE0082C789 /* FizzaListView.swift in Sources */ = {isa = PBXBuildFile; fileRef = 807303F6250366AE0082C789 /* FizzaListView.swift */; };
		807303F925036C8B0082C789 /* StaffModal.swift in Sources */ = {isa = PBXBuildFile; fileRef = 807303F825036C8B0082C789 /* StaffModal.swift */; };
		807303FD2503710A0082C789 /* AllStaffView.swift in Sources */ = {isa = PBXBuildFile; fileRef = 807303FC2503710A0082C789 /* AllStaffView.swift */; };
		808DD987250228B300CF8BC2 /* AppDelegate.swift in Sources */ = {isa = PBXBuildFile; fileRef = 808DD986250228B300CF8BC2 /* AppDelegate.swift */; };
		808DD989250228B300CF8BC2 /* SceneDelegate.swift in Sources */ = {isa = PBXBuildFile; fileRef = 808DD988250228B300CF8BC2 /* SceneDelegate.swift */; };
		808DD98B250228B300CF8BC2 /* ContentView.swift in Sources */ = {isa = PBXBuildFile; fileRef = 808DD98A250228B300CF8BC2 /* ContentView.swift */; };
		808DD98E250228B300CF8BC2 /* Fizza.xcdatamodeld in Sources */ = {isa = PBXBuildFile; fileRef = 808DD98C250228B300CF8BC2 /* Fizza.xcdatamodeld */; };
		808DD990250228B700CF8BC2 /* Assets.xcassets in Resources */ = {isa = PBXBuildFile; fileRef = 808DD98F250228B700CF8BC2 /* Assets.xcassets */; };
		808DD993250228B700CF8BC2 /* Preview Assets.xcassets in Resources */ = {isa = PBXBuildFile; fileRef = 808DD992250228B700CF8BC2 /* Preview Assets.xcassets */; };
		808DD996250228B700CF8BC2 /* LaunchScreen.storyboard in Resources */ = {isa = PBXBuildFile; fileRef = 808DD994250228B700CF8BC2 /* LaunchScreen.storyboard */; };
		808DD99F25022BEB00CF8BC2 /* ImagePickerRepresentableView.swift in Sources */ = {isa = PBXBuildFile; fileRef = 808DD99E25022BEB00CF8BC2 /* ImagePickerRepresentableView.swift */; };
		808DD9A125034CBF00CF8BC2 /* ImageView.swift in Sources */ = {isa = PBXBuildFile; fileRef = 808DD9A025034CBF00CF8BC2 /* ImageView.swift */; };
		80BA2E702503740900E46B23 /* SearchBarViewRepresentable.swift in Sources */ = {isa = PBXBuildFile; fileRef = 80BA2E6F2503740900E46B23 /* SearchBarViewRepresentable.swift */; };
		80BA2E722503BC9900E46B23 /* ImagePickerView.swift in Sources */ = {isa = PBXBuildFile; fileRef = 80BA2E712503BC9900E46B23 /* ImagePickerView.swift */; };
		80BA2E742503BD5A00E46B23 /* ThemeView.swift in Sources */ = {isa = PBXBuildFile; fileRef = 80BA2E732503BD5A00E46B23 /* ThemeView.swift */; };
		80BA2E762503C69500E46B23 /* ModeSettingsViewModal.swift in Sources */ = {isa = PBXBuildFile; fileRef = 80BA2E752503C69500E46B23 /* ModeSettingsViewModal.swift */; };
		80BA2E7825046EB800E46B23 /* DownloadedImageView.swift in Sources */ = {isa = PBXBuildFile; fileRef = 80BA2E7725046EB800E46B23 /* DownloadedImageView.swift */; };
		80BA2E7B25046F6100E46B23 /* ImageDownloader.swift in Sources */ = {isa = PBXBuildFile; fileRef = 80BA2E7A25046F6100E46B23 /* ImageDownloader.swift */; };
/* End PBXBuildFile section */

/* Begin PBXFileReference section */
		807303F42503666E0082C789 /* FizzaModal.swift */ = {isa = PBXFileReference; lastKnownFileType = sourcecode.swift; path = FizzaModal.swift; sourceTree = "<group>"; };
		807303F6250366AE0082C789 /* FizzaListView.swift */ = {isa = PBXFileReference; lastKnownFileType = sourcecode.swift; path = FizzaListView.swift; sourceTree = "<group>"; };
		807303F825036C8B0082C789 /* StaffModal.swift */ = {isa = PBXFileReference; lastKnownFileType = sourcecode.swift; path = StaffModal.swift; sourceTree = "<group>"; };
		807303FC2503710A0082C789 /* AllStaffView.swift */ = {isa = PBXFileReference; lastKnownFileType = sourcecode.swift; path = AllStaffView.swift; sourceTree = "<group>"; };
		808DD983250228B300CF8BC2 /* Fizza.app */ = {isa = PBXFileReference; explicitFileType = wrapper.application; includeInIndex = 0; path = Fizza.app; sourceTree = BUILT_PRODUCTS_DIR; };
		808DD986250228B300CF8BC2 /* AppDelegate.swift */ = {isa = PBXFileReference; lastKnownFileType = sourcecode.swift; path = AppDelegate.swift; sourceTree = "<group>"; };
		808DD988250228B300CF8BC2 /* SceneDelegate.swift */ = {isa = PBXFileReference; lastKnownFileType = sourcecode.swift; path = SceneDelegate.swift; sourceTree = "<group>"; };
		808DD98A250228B300CF8BC2 /* ContentView.swift */ = {isa = PBXFileReference; lastKnownFileType = sourcecode.swift; path = ContentView.swift; sourceTree = "<group>"; };
		808DD98D250228B300CF8BC2 /* Fizza.xcdatamodel */ = {isa = PBXFileReference; lastKnownFileType = wrapper.xcdatamodel; path = Fizza.xcdatamodel; sourceTree = "<group>"; };
		808DD98F250228B700CF8BC2 /* Assets.xcassets */ = {isa = PBXFileReference; lastKnownFileType = folder.assetcatalog; path = Assets.xcassets; sourceTree = "<group>"; };
		808DD992250228B700CF8BC2 /* Preview Assets.xcassets */ = {isa = PBXFileReference; lastKnownFileType = folder.assetcatalog; path = "Preview Assets.xcassets"; sourceTree = "<group>"; };
		808DD995250228B700CF8BC2 /* Base */ = {isa = PBXFileReference; lastKnownFileType = file.storyboard; name = Base; path = Base.lproj/LaunchScreen.storyboard; sourceTree = "<group>"; };
		808DD997250228B700CF8BC2 /* Info.plist */ = {isa = PBXFileReference; lastKnownFileType = text.plist.xml; path = Info.plist; sourceTree = "<group>"; };
		808DD99E25022BEB00CF8BC2 /* ImagePickerRepresentableView.swift */ = {isa = PBXFileReference; lastKnownFileType = sourcecode.swift; path = ImagePickerRepresentableView.swift; sourceTree = "<group>"; };
		808DD9A025034CBF00CF8BC2 /* ImageView.swift */ = {isa = PBXFileReference; lastKnownFileType = sourcecode.swift; path = ImageView.swift; sourceTree = "<group>"; };
		80BA2E6F2503740900E46B23 /* SearchBarViewRepresentable.swift */ = {isa = PBXFileReference; lastKnownFileType = sourcecode.swift; path = SearchBarViewRepresentable.swift; sourceTree = "<group>"; };
		80BA2E712503BC9900E46B23 /* ImagePickerView.swift */ = {isa = PBXFileReference; lastKnownFileType = sourcecode.swift; path = ImagePickerView.swift; sourceTree = "<group>"; };
		80BA2E732503BD5A00E46B23 /* ThemeView.swift */ = {isa = PBXFileReference; lastKnownFileType = sourcecode.swift; path = ThemeView.swift; sourceTree = "<group>"; };
		80BA2E752503C69500E46B23 /* ModeSettingsViewModal.swift */ = {isa = PBXFileReference; lastKnownFileType = sourcecode.swift; path = ModeSettingsViewModal.swift; sourceTree = "<group>"; };
		80BA2E7725046EB800E46B23 /* DownloadedImageView.swift */ = {isa = PBXFileReference; lastKnownFileType = sourcecode.swift; path = DownloadedImageView.swift; sourceTree = "<group>"; };
		80BA2E7A25046F6100E46B23 /* ImageDownloader.swift */ = {isa = PBXFileReference; lastKnownFileType = sourcecode.swift; path = ImageDownloader.swift; sourceTree = "<group>"; };
/* End PBXFileReference section */

/* Begin PBXFrameworksBuildPhase section */
		808DD980250228B300CF8BC2 /* Frameworks */ = {
			isa = PBXFrameworksBuildPhase;
			buildActionMask = 2147483647;
			files = (
			);
			runOnlyForDeploymentPostprocessing = 0;
		};
/* End PBXFrameworksBuildPhase section */

/* Begin PBXGroup section */
		807303F1250356F50082C789 /* Modal */ = {
			isa = PBXGroup;
			children = (
				807303F42503666E0082C789 /* FizzaModal.swift */,
				807303F825036C8B0082C789 /* StaffModal.swift */,
				80BA2E752503C69500E46B23 /* ModeSettingsViewModal.swift */,
			);
			path = Modal;
			sourceTree = "<group>";
		};
		808DD97A250228B300CF8BC2 = {
			isa = PBXGroup;
			children = (
				808DD985250228B300CF8BC2 /* Fizza */,
				808DD984250228B300CF8BC2 /* Products */,
			);
			sourceTree = "<group>";
		};
		808DD984250228B300CF8BC2 /* Products */ = {
			isa = PBXGroup;
			children = (
				808DD983250228B300CF8BC2 /* Fizza.app */,
			);
			name = Products;
			sourceTree = "<group>";
		};
		808DD985250228B300CF8BC2 /* Fizza */ = {
			isa = PBXGroup;
			children = (
				80BA2E7925046EBF00E46B23 /* WebService */,
				807303F1250356F50082C789 /* Modal */,
				808DD99D25022BD800CF8BC2 /* View */,
				808DD986250228B300CF8BC2 /* AppDelegate.swift */,
				808DD988250228B300CF8BC2 /* SceneDelegate.swift */,
				808DD98F250228B700CF8BC2 /* Assets.xcassets */,
				808DD994250228B700CF8BC2 /* LaunchScreen.storyboard */,
				808DD997250228B700CF8BC2 /* Info.plist */,
				808DD98C250228B300CF8BC2 /* Fizza.xcdatamodeld */,
				808DD991250228B700CF8BC2 /* Preview Content */,
			);
			path = Fizza;
			sourceTree = "<group>";
		};
		808DD991250228B700CF8BC2 /* Preview Content */ = {
			isa = PBXGroup;
			children = (
				808DD992250228B700CF8BC2 /* Preview Assets.xcassets */,
			);
			path = "Preview Content";
			sourceTree = "<group>";
		};
		808DD99D25022BD800CF8BC2 /* View */ = {
			isa = PBXGroup;
			children = (
				808DD98A250228B300CF8BC2 /* ContentView.swift */,
				808DD99E25022BEB00CF8BC2 /* ImagePickerRepresentableView.swift */,
				808DD9A025034CBF00CF8BC2 /* ImageView.swift */,
				80BA2E712503BC9900E46B23 /* ImagePickerView.swift */,
				807303F6250366AE0082C789 /* FizzaListView.swift */,
				807303FC2503710A0082C789 /* AllStaffView.swift */,
				80BA2E6F2503740900E46B23 /* SearchBarViewRepresentable.swift */,
				80BA2E732503BD5A00E46B23 /* ThemeView.swift */,
				80BA2E7725046EB800E46B23 /* DownloadedImageView.swift */,
			);
			path = View;
			sourceTree = "<group>";
		};
		80BA2E7925046EBF00E46B23 /* WebService */ = {
			isa = PBXGroup;
			children = (
				80BA2E7A25046F6100E46B23 /* ImageDownloader.swift */,
			);
			path = WebService;
			sourceTree = "<group>";
		};
/* End PBXGroup section */

/* Begin PBXNativeTarget section */
		808DD982250228B300CF8BC2 /* Fizza */ = {
			isa = PBXNativeTarget;
			buildConfigurationList = 808DD99A250228B700CF8BC2 /* Build configuration list for PBXNativeTarget "Fizza" */;
			buildPhases = (
				808DD97F250228B300CF8BC2 /* Sources */,
				808DD980250228B300CF8BC2 /* Frameworks */,
				808DD981250228B300CF8BC2 /* Resources */,
			);
			buildRules = (
			);
			dependencies = (
			);
			name = Fizza;
			productName = Fizza;
			productReference = 808DD983250228B300CF8BC2 /* Fizza.app */;
			productType = "com.apple.product-type.application";
		};
/* End PBXNativeTarget section */

/* Begin PBXProject section */
		808DD97B250228B300CF8BC2 /* Project object */ = {
			isa = PBXProject;
			attributes = {
				LastSwiftUpdateCheck = 1200;
				LastUpgradeCheck = 1200;
				TargetAttributes = {
					808DD982250228B300CF8BC2 = {
						CreatedOnToolsVersion = 12.0;
					};
				};
			};
			buildConfigurationList = 808DD97E250228B300CF8BC2 /* Build configuration list for PBXProject "Fizza" */;
			compatibilityVersion = "Xcode 9.3";
			developmentRegion = en;
			hasScannedForEncodings = 0;
			knownRegions = (
				en,
				Base,
			);
			mainGroup = 808DD97A250228B300CF8BC2;
			productRefGroup = 808DD984250228B300CF8BC2 /* Products */;
			projectDirPath = "";
			projectRoot = "";
			targets = (
				808DD982250228B300CF8BC2 /* Fizza */,
			);
		};
/* End PBXProject section */

/* Begin PBXResourcesBuildPhase section */
		808DD981250228B300CF8BC2 /* Resources */ = {
			isa = PBXResourcesBuildPhase;
			buildActionMask = 2147483647;
			files = (
				808DD996250228B700CF8BC2 /* LaunchScreen.storyboard in Resources */,
				808DD993250228B700CF8BC2 /* Preview Assets.xcassets in Resources */,
				808DD990250228B700CF8BC2 /* Assets.xcassets in Resources */,
			);
			runOnlyForDeploymentPostprocessing = 0;
		};
/* End PBXResourcesBuildPhase section */

/* Begin PBXSourcesBuildPhase section */
		808DD97F250228B300CF8BC2 /* Sources */ = {
			isa = PBXSourcesBuildPhase;
			buildActionMask = 2147483647;
			files = (
				808DD9A125034CBF00CF8BC2 /* ImageView.swift in Sources */,
				807303F925036C8B0082C789 /* StaffModal.swift in Sources */,
				80BA2E7B25046F6100E46B23 /* ImageDownloader.swift in Sources */,
				807303F7250366AE0082C789 /* FizzaListView.swift in Sources */,
				80BA2E742503BD5A00E46B23 /* ThemeView.swift in Sources */,
				808DD987250228B300CF8BC2 /* AppDelegate.swift in Sources */,
				80BA2E722503BC9900E46B23 /* ImagePickerView.swift in Sources */,
				80BA2E762503C69500E46B23 /* ModeSettingsViewModal.swift in Sources */,
				80BA2E702503740900E46B23 /* SearchBarViewRepresentable.swift in Sources */,
				808DD989250228B300CF8BC2 /* SceneDelegate.swift in Sources */,
				808DD98E250228B300CF8BC2 /* Fizza.xcdatamodeld in Sources */,
				807303F52503666E0082C789 /* FizzaModal.swift in Sources */,
				807303FD2503710A0082C789 /* AllStaffView.swift in Sources */,
				808DD98B250228B300CF8BC2 /* ContentView.swift in Sources */,
				80BA2E7825046EB800E46B23 /* DownloadedImageView.swift in Sources */,
				808DD99F25022BEB00CF8BC2 /* ImagePickerRepresentableView.swift in Sources */,
			);
			runOnlyForDeploymentPostprocessing = 0;
		};
/* End PBXSourcesBuildPhase section */

/* Begin PBXVariantGroup section */
		808DD994250228B700CF8BC2 /* LaunchScreen.storyboard */ = {
			isa = PBXVariantGroup;
			children = (
				808DD995250228B700CF8BC2 /* Base */,
			);
			name = LaunchScreen.storyboard;
			sourceTree = "<group>";
		};
/* End PBXVariantGroup section */

/* Begin XCBuildConfiguration section */
		808DD998250228B700CF8BC2 /* Debug */ = {
			isa = XCBuildConfiguration;
			buildSettings = {
				ALWAYS_SEARCH_USER_PATHS = NO;
				CLANG_ANALYZER_NONNULL = YES;
				CLANG_ANALYZER_NUMBER_OBJECT_CONVERSION = YES_AGGRESSIVE;
				CLANG_CXX_LANGUAGE_STANDARD = "gnu++14";
				CLANG_CXX_LIBRARY = "libc++";
				CLANG_ENABLE_MODULES = YES;
				CLANG_ENABLE_OBJC_ARC = YES;
				CLANG_ENABLE_OBJC_WEAK = YES;
				CLANG_WARN_BLOCK_CAPTURE_AUTORELEASING = YES;
				CLANG_WARN_BOOL_CONVERSION = YES;
				CLANG_WARN_COMMA = YES;
				CLANG_WARN_CONSTANT_CONVERSION = YES;
				CLANG_WARN_DEPRECATED_OBJC_IMPLEMENTATIONS = YES;
				CLANG_WARN_DIRECT_OBJC_ISA_USAGE = YES_ERROR;
				CLANG_WARN_DOCUMENTATION_COMMENTS = YES;
				CLANG_WARN_EMPTY_BODY = YES;
				CLANG_WARN_ENUM_CONVERSION = YES;
				CLANG_WARN_INFINITE_RECURSION = YES;
				CLANG_WARN_INT_CONVERSION = YES;
				CLANG_WARN_NON_LITERAL_NULL_CONVERSION = YES;
				CLANG_WARN_OBJC_IMPLICIT_RETAIN_SELF = YES;
				CLANG_WARN_OBJC_LITERAL_CONVERSION = YES;
				CLANG_WARN_OBJC_ROOT_CLASS = YES_ERROR;
				CLANG_WARN_QUOTED_INCLUDE_IN_FRAMEWORK_HEADER = YES;
				CLANG_WARN_RANGE_LOOP_ANALYSIS = YES;
				CLANG_WARN_STRICT_PROTOTYPES = YES;
				CLANG_WARN_SUSPICIOUS_MOVE = YES;
				CLANG_WARN_UNGUARDED_AVAILABILITY = YES_AGGRESSIVE;
				CLANG_WARN_UNREACHABLE_CODE = YES;
				CLANG_WARN__DUPLICATE_METHOD_MATCH = YES;
				COPY_PHASE_STRIP = NO;
				DEBUG_INFORMATION_FORMAT = dwarf;
				ENABLE_STRICT_OBJC_MSGSEND = YES;
				ENABLE_TESTABILITY = YES;
				GCC_C_LANGUAGE_STANDARD = gnu11;
				GCC_DYNAMIC_NO_PIC = NO;
				GCC_NO_COMMON_BLOCKS = YES;
				GCC_OPTIMIZATION_LEVEL = 0;
				GCC_PREPROCESSOR_DEFINITIONS = (
					"DEBUG=1",
					"$(inherited)",
				);
				GCC_WARN_64_TO_32_BIT_CONVERSION = YES;
				GCC_WARN_ABOUT_RETURN_TYPE = YES_ERROR;
				GCC_WARN_UNDECLARED_SELECTOR = YES;
				GCC_WARN_UNINITIALIZED_AUTOS = YES_AGGRESSIVE;
				GCC_WARN_UNUSED_FUNCTION = YES;
				GCC_WARN_UNUSED_VARIABLE = YES;
				IPHONEOS_DEPLOYMENT_TARGET = 14.0;
				MTL_ENABLE_DEBUG_INFO = INCLUDE_SOURCE;
				MTL_FAST_MATH = YES;
				ONLY_ACTIVE_ARCH = YES;
				SDKROOT = iphoneos;
				SWIFT_ACTIVE_COMPILATION_CONDITIONS = DEBUG;
				SWIFT_OPTIMIZATION_LEVEL = "-Onone";
			};
			name = Debug;
		};
		808DD999250228B700CF8BC2 /* Release */ = {
			isa = XCBuildConfiguration;
			buildSettings = {
				ALWAYS_SEARCH_USER_PATHS = NO;
				CLANG_ANALYZER_NONNULL = YES;
				CLANG_ANALYZER_NUMBER_OBJECT_CONVERSION = YES_AGGRESSIVE;
				CLANG_CXX_LANGUAGE_STANDARD = "gnu++14";
				CLANG_CXX_LIBRARY = "libc++";
				CLANG_ENABLE_MODULES = YES;
				CLANG_ENABLE_OBJC_ARC = YES;
				CLANG_ENABLE_OBJC_WEAK = YES;
				CLANG_WARN_BLOCK_CAPTURE_AUTORELEASING = YES;
				CLANG_WARN_BOOL_CONVERSION = YES;
				CLANG_WARN_COMMA = YES;
				CLANG_WARN_CONSTANT_CONVERSION = YES;
				CLANG_WARN_DEPRECATED_OBJC_IMPLEMENTATIONS = YES;
				CLANG_WARN_DIRECT_OBJC_ISA_USAGE = YES_ERROR;
				CLANG_WARN_DOCUMENTATION_COMMENTS = YES;
				CLANG_WARN_EMPTY_BODY = YES;
				CLANG_WARN_ENUM_CONVERSION = YES;
				CLANG_WARN_INFINITE_RECURSION = YES;
				CLANG_WARN_INT_CONVERSION = YES;
				CLANG_WARN_NON_LITERAL_NULL_CONVERSION = YES;
				CLANG_WARN_OBJC_IMPLICIT_RETAIN_SELF = YES;
				CLANG_WARN_OBJC_LITERAL_CONVERSION = YES;
				CLANG_WARN_OBJC_ROOT_CLASS = YES_ERROR;
				CLANG_WARN_QUOTED_INCLUDE_IN_FRAMEWORK_HEADER = YES;
				CLANG_WARN_RANGE_LOOP_ANALYSIS = YES;
				CLANG_WARN_STRICT_PROTOTYPES = YES;
				CLANG_WARN_SUSPICIOUS_MOVE = YES;
				CLANG_WARN_UNGUARDED_AVAILABILITY = YES_AGGRESSIVE;
				CLANG_WARN_UNREACHABLE_CODE = YES;
				CLANG_WARN__DUPLICATE_METHOD_MATCH = YES;
				COPY_PHASE_STRIP = NO;
				DEBUG_INFORMATION_FORMAT = "dwarf-with-dsym";
				ENABLE_NS_ASSERTIONS = NO;
				ENABLE_STRICT_OBJC_MSGSEND = YES;
				GCC_C_LANGUAGE_STANDARD = gnu11;
				GCC_NO_COMMON_BLOCKS = YES;
				GCC_WARN_64_TO_32_BIT_CONVERSION = YES;
				GCC_WARN_ABOUT_RETURN_TYPE = YES_ERROR;
				GCC_WARN_UNDECLARED_SELECTOR = YES;
				GCC_WARN_UNINITIALIZED_AUTOS = YES_AGGRESSIVE;
				GCC_WARN_UNUSED_FUNCTION = YES;
				GCC_WARN_UNUSED_VARIABLE = YES;
				IPHONEOS_DEPLOYMENT_TARGET = 14.0;
				MTL_ENABLE_DEBUG_INFO = NO;
				MTL_FAST_MATH = YES;
				SDKROOT = iphoneos;
				SWIFT_COMPILATION_MODE = wholemodule;
				SWIFT_OPTIMIZATION_LEVEL = "-O";
				VALIDATE_PRODUCT = YES;
			};
			name = Release;
		};
		808DD99B250228B700CF8BC2 /* Debug */ = {
			isa = XCBuildConfiguration;
			buildSettings = {
				ASSETCATALOG_COMPILER_APPICON_NAME = AppIcon;
				ASSETCATALOG_COMPILER_GLOBAL_ACCENT_COLOR_NAME = AccentColor;
				CODE_SIGN_STYLE = Automatic;
				DEVELOPMENT_ASSET_PATHS = "\"Fizza/Preview Content\"";
				DEVELOPMENT_TEAM = 5G9HGCW6QY;
				ENABLE_PREVIEWS = YES;
				INFOPLIST_FILE = Fizza/Info.plist;
				LD_RUNPATH_SEARCH_PATHS = (
					"$(inherited)",
					"@executable_path/Frameworks",
				);
				PRODUCT_BUNDLE_IDENTIFIER = com.raghu.Fizza;
				PRODUCT_NAME = "$(TARGET_NAME)";
				SWIFT_VERSION = 5.0;
				TARGETED_DEVICE_FAMILY = "1,2";
			};
			name = Debug;
		};
		808DD99C250228B700CF8BC2 /* Release */ = {
			isa = XCBuildConfiguration;
			buildSettings = {
				ASSETCATALOG_COMPILER_APPICON_NAME = AppIcon;
				ASSETCATALOG_COMPILER_GLOBAL_ACCENT_COLOR_NAME = AccentColor;
				CODE_SIGN_STYLE = Automatic;
				DEVELOPMENT_ASSET_PATHS = "\"Fizza/Preview Content\"";
				DEVELOPMENT_TEAM = 5G9HGCW6QY;
				ENABLE_PREVIEWS = YES;
				INFOPLIST_FILE = Fizza/Info.plist;
				LD_RUNPATH_SEARCH_PATHS = (
					"$(inherited)",
					"@executable_path/Frameworks",
				);
				PRODUCT_BUNDLE_IDENTIFIER = com.raghu.Fizza;
				PRODUCT_NAME = "$(TARGET_NAME)";
				SWIFT_VERSION = 5.0;
				TARGETED_DEVICE_FAMILY = "1,2";
			};
			name = Release;
		};
/* End XCBuildConfiguration section */

/* Begin XCConfigurationList section */
		808DD97E250228B300CF8BC2 /* Build configuration list for PBXProject "Fizza" */ = {
			isa = XCConfigurationList;
			buildConfigurations = (
				808DD998250228B700CF8BC2 /* Debug */,
				808DD999250228B700CF8BC2 /* Release */,
			);
			defaultConfigurationIsVisible = 0;
			defaultConfigurationName = Release;
		};
		808DD99A250228B700CF8BC2 /* Build configuration list for PBXNativeTarget "Fizza" */ = {
			isa = XCConfigurationList;
			buildConfigurations = (
				808DD99B250228B700CF8BC2 /* Debug */,
				808DD99C250228B700CF8BC2 /* Release */,
			);
			defaultConfigurationIsVisible = 0;
			defaultConfigurationName = Release;
		};
/* End XCConfigurationList section */

/* Begin XCVersionGroup section */
		808DD98C250228B300CF8BC2 /* Fizza.xcdatamodeld */ = {
			isa = XCVersionGroup;
			children = (
				808DD98D250228B300CF8BC2 /* Fizza.xcdatamodel */,
			);
			currentVersion = 808DD98D250228B300CF8BC2 /* Fizza.xcdatamodel */;
			path = Fizza.xcdatamodeld;
			sourceTree = "<group>";
			versionGroupType = wrapper.xcdatamodel;
		};
/* End XCVersionGroup section */
	};
	rootObject = 808DD97B250228B300CF8BC2 /* Project object */;
}
